{
  "name": "svg-protect",
  "version": "1.0.0",
  "lockfileVersion": 1,
  "requires": true,
  "dependencies": {
    "abs-svg-path": {
      "version": "0.1.1",
      "resolved": "https://registry.npmjs.org/abs-svg-path/-/abs-svg-path-0.1.1.tgz",
      "integrity": "sha1-32Acjo0roQ1KdtYl4japo5wnI78="
    },
    "adaptive-bezier-curve": {
      "version": "1.0.3",
      "resolved": "https://registry.npmjs.org/adaptive-bezier-curve/-/adaptive-bezier-curve-1.0.3.tgz",
      "integrity": "sha1-R3V3q+h9coDUbKQWSfbCJkb+gic="
    },
    "normalize-svg-path": {
      "version": "0.1.0",
      "resolved": "https://registry.npmjs.org/normalize-svg-path/-/normalize-svg-path-0.1.0.tgz",
      "integrity": "sha1-RWNg5g7Odfvve11+FgSA5//Rb+U="
    },
    "parse-svg-path": {
      "version": "0.1.2",
      "resolved": "https://registry.npmjs.org/parse-svg-path/-/parse-svg-path-0.1.2.tgz",
      "integrity": "sha1-en7A0esG+lMlx9PgCbhZoJtdSes="
    },
    "simplify-path": {
      "version": "1.1.0",
      "resolved": "https://registry.npmjs.org/simplify-path/-/simplify-path-1.1.0.tgz",
      "integrity": "sha1-eRs50lJwsK/ANd51e6gm5vF2YQM="
    },
    "svg-path-contours": {
      "version": "2.0.0",
      "resolved": "https://registry.npmjs.org/svg-path-contours/-/svg-path-contours-2.0.0.tgz",
      "integrity": "sha1-x2oSlCnbBette2Hk0cWNEUqJOKI=",
      "requires": {
        "abs-svg-path": "0.1.1",
        "adaptive-bezier-curve": "1.0.3",
        "normalize-svg-path": "0.1.0",
        "vec2-copy": "1.0.0"
      }
    },
    "tess2": {
      "version": "1.0.0",
      "resolved": "https://registry.npmjs.org/tess2/-/tess2-1.0.0.tgz",
      "integrity": "sha1-Li6yGCIpQGG4PUbLrv3QnYbd9ZM="
    },
    "triangulate-contours": {
      "version": "1.0.2",
      "resolved": "https://registry.npmjs.org/triangulate-contours/-/triangulate-contours-1.0.2.tgz",
      "integrity": "sha1-wl3cnw4AMfORB2TPF/aELS+PwnQ=",
      "requires": {
        "tess2": "1.0.0",
        "xtend": "4.0.1"
      }
    },
    "vec2-copy": {
      "version": "1.0.0",
      "resolved": "https://registry.npmjs.org/vec2-copy/-/vec2-copy-1.0.0.tgz",
      "integrity": "sha1-xu7B2NrVRiUZTl9x+EM7YtLyCno="
    },
    "xtend": {
      "version": "4.0.1",
      "resolved": "https://registry.npmjs.org/xtend/-/xtend-4.0.1.tgz",
      "integrity": "sha1-pcbVMr5lbiPbgg77lDofBJmNY68="
    }
  }
}
